lockfile_version: '1'
generated_at: '2026-06-03T10:51:36.799281+00:00'
apm_version: 0.16.0
dependencies:
- repo_url: Netcracker/qubership-ai-packages
  host: github.com
  resolved_commit: 3024f029cbc9042d6905037d2fa0a98e7b6e27f2
  resolved_ref: v1.0.1
  virtual_path: agent-packages/english-developer-style
  is_virtual: true
  package_type: apm_package
  deployed_files:
  - .claude/rules/english-developer-style.md
  - .claude/skills/english-developer-style
  - .cursor/rules/english-developer-style.mdc
  - .cursor/skills/english-developer-style
  deployed_file_hashes:
    .claude/rules/english-developer-style.md: sha256:71d5921cbb7e91db77b2ad7403714cc4d8471e3af7a974b850e9831df2ca25b9
    .cursor/rules/english-developer-style.mdc: sha256:981d72b4b97f7b5fb861ea9beb32edef5746c8ed87419abaadc999e14861a6a9
  content_hash: sha256:107dd671a330a3afcb3bcce940afa130f5576c17840cee77d9fcefeb4550c68c
- repo_url: _local/agent-conventions
  package_type: apm_package
  deployed_files:
  - .claude/rules/agent-config-defaults.md
  - .claude/rules/agent-no-database.md
  - .claude/rules/agent-openapi-files.md
  - .cursor/rules/agent-config-defaults.mdc
  - .cursor/rules/agent-no-database.mdc
  - .cursor/rules/agent-openapi-files.mdc
  deployed_file_hashes:
    .claude/rules/agent-config-defaults.md: sha256:82f177ad94fbad1c013a53665df215b1499773199843ee9b10eb2f5f53999208
    .claude/rules/agent-no-database.md: sha256:7cf3069fc0d1cafe522fba31cc837903e3c48d5a18ffa725ad2eefc53712a0d1
    .claude/rules/agent-openapi-files.md: sha256:53c349e2d19c9045f27647fcd34553840482ecdd1cfebe085b45bcccf97122a2
    .cursor/rules/agent-config-defaults.mdc: sha256:6269c13a70cab6e03f617db7ebb68c1d167a3712f1aad6d632071f050f8e6d8a
    .cursor/rules/agent-no-database.mdc: sha256:b34349037549fe8e5db3ca6df5c2798d9340ab8528c4484daea3cf9c5ddc1d9b
    .cursor/rules/agent-openapi-files.mdc: sha256:332d080116165dc64adb2ab911408cd9afee96cc42976e941f1f4aea23fc8ba2
  source: local
  local_path: ./agent-packages/agent-conventions
- repo_url: _local/apihub-agent-developer
  package_type: apm_package
  deployed_files:
  - .claude/rules/apihub-agent-developer.md
  - .claude/skills/apihub-agent-developer
  - .cursor/rules/apihub-agent-developer.mdc
  - .cursor/skills/apihub-agent-developer
  deployed_file_hashes:
    .claude/rules/apihub-agent-developer.md: sha256:0cd5283cb324d4e3affe6406ec2369c4bc33274df08533054109a3aa2f3ace58
    .cursor/rules/apihub-agent-developer.mdc: sha256:e583fe0a6f1cc931a8460f0de291464af24e6af04a9500746e9e40067ecbebd8
  source: local
  local_path: ./agent-packages/apihub-agent-developer
- repo_url: _local/apihub-go-developer
  package_type: apm_package
  deployed_files:
  - .claude/rules/apihub-go-developer.md
  - .claude/skills/apihub-go-developer
  - .cursor/rules/apihub-go-developer.mdc
  - .cursor/skills/apihub-go-developer
  deployed_file_hashes:
    .claude/rules/apihub-go-developer.md: sha256:a7ab06cdc6e814ed225065319e1cd20270dee2172ea41d0b1124ff84fc6bf799
    .cursor/rules/apihub-go-developer.mdc: sha256:bf6ce2a6cc2faea88310673288176fd37c172266b070eb761dd924e99cfa01e3
  source: local
  local_path: C:/sources/GIT/Github/APIHUB-ALL/qubership-apihub-ci/agent-packages/apihub-go-developer
- repo_url: _local/apihub-go-self-review
  package_type: apm_package
  deployed_files:
  - .claude/rules/apihub-go-self-review.md
  - .claude/skills/apihub-go-self-review
  - .cursor/rules/apihub-go-self-review.mdc
  - .cursor/skills/apihub-go-self-review
  deployed_file_hashes:
    .claude/rules/apihub-go-self-review.md: sha256:09190a6cb552a30eaa215473633f833eb9fe6c6852c679c552f799b910f3031b
    .cursor/rules/apihub-go-self-review.mdc: sha256:bec195119cfd4aaff319c0f54d1b4445d8d9b082bd4a7a932420efcaa309eb27
  source: local
  local_path: C:/sources/GIT/Github/APIHUB-ALL/qubership-apihub-ci/agent-packages/apihub-go-self-review
- repo_url: _local/common-conventions
  package_type: apm_package
  deployed_files:
  - .claude/rules/clarify-before-coding.md
  - .cursor/rules/clarify-before-coding.mdc
  deployed_file_hashes:
    .claude/rules/clarify-before-coding.md: sha256:a3e34e5277a4a3fba12fd6f236e921a59c561e6ee82e240eec247861aa8a398c
    .cursor/rules/clarify-before-coding.mdc: sha256:ceb003b39ea330002556d10d3ca52445909bbaf23705ff27f2643705db98c0f4
  source: local
  local_path: C:/sources/GIT/Github/APIHUB-ALL/qubership-apihub-ci/agent-packages/common-conventions
- repo_url: _local/github-ticket-implementation-planner
  package_type: apm_package
  deployed_files:
  - .claude/rules/github-ticket-implementation-planner.md
  - .claude/skills/github-ticket-implementation-planner
  - .cursor/rules/github-ticket-implementation-planner.mdc
  - .cursor/skills/github-ticket-implementation-planner
  deployed_file_hashes:
    .claude/rules/github-ticket-implementation-planner.md: sha256:4e13f07f0749bcfd778fe44899221bff81152ee83a90b74fc7dcfafff838353c
    .cursor/rules/github-ticket-implementation-planner.mdc: sha256:67d9c2440bc50c68b21b1afd6aa25c0a8447db76bfa7c0a7898920a3cf297d20
  source: local
  local_path: C:/sources/GIT/Github/APIHUB-ALL/qubership-apihub-ci/agent-packages/github-ticket-implementation-planner
- repo_url: _local/go-conventions
  package_type: apm_package
  deployed_files:
  - .claude/rules/api-first-openapi.md
  - .claude/rules/ci-super-linter.md
  - .claude/rules/go-comments.md
  - .claude/rules/go-constants-and-http.md
  - .claude/rules/go-error-handling.md
  - .claude/rules/go-migrations.md
  - .claude/rules/sql-performance.md
  - .cursor/rules/api-first-openapi.mdc
  - .cursor/rules/ci-super-linter.mdc
  - .cursor/rules/go-comments.mdc
  - .cursor/rules/go-constants-and-http.mdc
  - .cursor/rules/go-error-handling.mdc
  - .cursor/rules/go-migrations.mdc
  - .cursor/rules/sql-performance.mdc
  deployed_file_hashes:
    .claude/rules/api-first-openapi.md: sha256:2e28a945412a344a23f5900f4704ef6a6a7ceedb0c599056ba09e63432a7bab4
    .claude/rules/ci-super-linter.md: sha256:61ba8e911259ed5a8f0d9a9c7d6762c694d9e231dfa4f498a7d67c276958cd36
    .claude/rules/go-comments.md: sha256:57c3326eed8a055caaad74c140917c078778ff04f562cba845d22df63e98b582
    .claude/rules/go-constants-and-http.md: sha256:f8d52303334e63092309d62e29085321b32a8bb8c4bce8ca38cd79af56f43a69
    .claude/rules/go-error-handling.md: sha256:61407348b5d86d8e2cf730816c13d04e7fdea3a20be38a5b3405b01a6ce71cb2
    .claude/rules/go-migrations.md: sha256:1d3e486379993f6fe68d2f4b53f3e2207154988a09b9c1c5ab98659a910edc88
    .claude/rules/sql-performance.md: sha256:d826f635a958a4e5295a5e3e30f9fe61844a77e987a6d474308083985a91c1af
    .cursor/rules/api-first-openapi.mdc: sha256:1ec7880c515db06e1d852395d7d8a5728bce08b20b9e1087115a03956d73bcb7
    .cursor/rules/ci-super-linter.mdc: sha256:32577dcadb66177e4a61a592be195b01b4d13876d3928c69c024d7e563ab013a
    .cursor/rules/go-comments.mdc: sha256:f8e9df333a575ef38519b7415f0301235563fdd3dc18867b49dfbc8690de3fca
    .cursor/rules/go-constants-and-http.mdc: sha256:778efcf145d35ccc3314f68cf0d54e33c1f13ef0ba4a19e809b4b24be80fc9bb
    .cursor/rules/go-error-handling.mdc: sha256:9c084d61f2b27040a50c277a481232b00ecfd62b7b6da8b6aa7c86aaa184ba6c
    .cursor/rules/go-migrations.mdc: sha256:79ab6bc7ae81f74719b4ccfbc9b5ce2146ee7ef1c58f47031cf2a742a9765297
    .cursor/rules/sql-performance.mdc: sha256:b8748ddf13e089c63529ae6423a7fb930a8cfae4160c3366e276c6bf4fac5138
  source: local
  local_path: C:/sources/GIT/Github/APIHUB-ALL/qubership-apihub-ci/agent-packages/go-conventions
